
Microsoft Visual Studio Solution File, Format Version 12.00
# Visual Studio Version 16
VisualStudioVersion = 16.0.29613.14
MinimumVisualStudioVersion = 10.0.40219.1
Project("{9A19103F-16F7-4668-BE54-9A1E7A4F7556}") = "Cinema7", "Cinema7.csproj", "{786D6341-296F-478C-8A5B-8983EF5DA86D}"
EndProject
Global
	GlobalSection(SolutionConfigurationPlatforms) = preSolution
		Debug|Any CPU = Debug|Any CPU
		Release|Any CPU = Release|Any CPU
	EndGlobalSection
	GlobalSection(ProjectConfigurationPlatforms) = postSolution
		{786D6341-296F-478C-8A5B-8983EF5DA86D}.Debug|Any CPU.ActiveCfg = Debug|Any CPU
		{786D6341-296F-478C-8A5B-8983EF5DA86D}.Debug|Any CPU.Build.0 = Debug|Any CPU
		{786D6341-296F-478C-8A5B-8983EF5DA86D}.Release|Any CPU.ActiveCfg = Release|Any CPU
		{786D6341-296F-478C-8A5B-8983EF5DA86D}.Release|Any CPU.Build.0 = Release|Any CPU
	EndGlobalSection
	GlobalSection(SolutionProperties) = preSolution
		HideSolutionNode = FALSE
	EndGlobalSection
	GlobalSection(ExtensibilityGlobals) = postSolution
		SolutionGuid = {E57D9CF7-1E35-4185-946D-B2639FE73005}
	EndGlobalSection
EndGlobal
